// !$*UTF8*$!
{
	archiveVersion = 1;
	classes = {
	};
	objectVersion = 46;
	objects = {

/* Begin PBXBuildFile section */
		4D4E51C81B4C3F0C0049D474 /* SimpleLoading.swift in Sources */ = {isa = PBXBuildFile; fileRef = 4D4E51C71B4C3F0C0049D474 /* SimpleLoading.swift */; };
		4D4E51CA1B4C3F8C0049D474 /* SimpleLoading.xib in Resources */ = {isa = PBXBuildFile; fileRef = 4D4E51C91B4C3F8C0049D474 /* SimpleLoading.xib */; };
		4D4E51CC1B4C404D0049D474 /* OneHandLoading.swift in Sources */ = {isa = PBXBuildFile; fileRef = 4D4E51CB1B4C404D0049D474 /* OneHandLoading.swift */; };
		4D4E51CE1B4C405B0049D474 /* OneHandLoading.xib in Resources */ = {isa = PBXBuildFile; fileRef = 4D4E51CD1B4C405B0049D474 /* OneHandLoading.xib */; };
		4D4E51D11B4C43680049D474 /* ChooseColorView.swift in Sources */ = {isa = PBXBuildFile; fileRef = 4D4E51D01B4C43680049D474 /* ChooseColorView.swift */; };
		4D4E51D31B4C43760049D474 /* ChooseColorView.xib in Resources */ = {isa = PBXBuildFile; fileRef = 4D4E51D21B4C43760049D474 /* ChooseColorView.xib */; };
		4D4E51DE1B4C44800049D474 /* BaseCollectionViewCell.swift in Sources */ = {isa = PBXBuildFile; fileRef = 4D4E51DB1B4C44800049D474 /* BaseCollectionViewCell.swift */; };
		4D4E51DF1B4C44800049D474 /* BaseCollectionViewCell.xib in Resources */ = {isa = PBXBuildFile; fileRef = 4D4E51DC1B4C44800049D474 /* BaseCollectionViewCell.xib */; };
		4D4E51E01B4C44800049D474 /* CollectionViewManager.swift in Sources */ = {isa = PBXBuildFile; fileRef = 4D4E51DD1B4C44800049D474 /* CollectionViewManager.swift */; };
		4D4E51E31B4C44C60049D474 /* ColorCollectionViewManager.swift in Sources */ = {isa = PBXBuildFile; fileRef = 4D4E51E21B4C44C60049D474 /* ColorCollectionViewManager.swift */; };
		4D4E51E51B4C48430049D474 /* RoundAndBorder.swift in Sources */ = {isa = PBXBuildFile; fileRef = 4D4E51E41B4C48430049D474 /* RoundAndBorder.swift */; };
		4D4E51E81B4C5C010049D474 /* ColorCollectionViewCell.swift in Sources */ = {isa = PBXBuildFile; fileRef = 4D4E51E61B4C5C010049D474 /* ColorCollectionViewCell.swift */; };
		4D4E51E91B4C5C010049D474 /* ColorCollectionViewCell.xib in Resources */ = {isa = PBXBuildFile; fileRef = 4D4E51E71B4C5C010049D474 /* ColorCollectionViewCell.xib */; };
		4D6DFE211B4445CF00F406E3 /* User.swift in Sources */ = {isa = PBXBuildFile; fileRef = 4D6DFE201B4445CF00F406E3 /* User.swift */; };
		4D6DFE241B4447AD00F406E3 /* LoginProvider.swift in Sources */ = {isa = PBXBuildFile; fileRef = 4D6DFE231B4447AD00F406E3 /* LoginProvider.swift */; };
		4D6DFE271B44498F00F406E3 /* PFObjectExtension.swift in Sources */ = {isa = PBXBuildFile; fileRef = 4D6DFE261B44498F00F406E3 /* PFObjectExtension.swift */; };
		4D6DFE2C1B44640B00F406E3 /* HomeViewController.swift in Sources */ = {isa = PBXBuildFile; fileRef = 4D6DFE2B1B44640B00F406E3 /* HomeViewController.swift */; };
		4D6DFE2E1B44641C00F406E3 /* HomeViewController.xib in Resources */ = {isa = PBXBuildFile; fileRef = 4D6DFE2D1B44641C00F406E3 /* HomeViewController.xib */; };
		4D6DFE321B44677400F406E3 /* NewGameViewController.swift in Sources */ = {isa = PBXBuildFile; fileRef = 4D6DFE301B44677400F406E3 /* NewGameViewController.swift */; };
		4D6DFE331B44677400F406E3 /* NewGameViewController.xib in Resources */ = {isa = PBXBuildFile; fileRef = 4D6DFE311B44677400F406E3 /* NewGameViewController.xib */; };
		4D6DFE371B446A0200F406E3 /* ChooseFriendViewController.swift in Sources */ = {isa = PBXBuildFile; fileRef = 4D6DFE351B446A0200F406E3 /* ChooseFriendViewController.swift */; };
		4D6DFE381B446A0200F406E3 /* ChooseFriendViewController.xib in Resources */ = {isa = PBXBuildFile; fileRef = 4D6DFE361B446A0200F406E3 /* ChooseFriendViewController.xib */; };
		4D6DFE3E1B4473DD00F406E3 /* Game.swift in Sources */ = {isa = PBXBuildFile; fileRef = 4D6DFE3D1B4473DD00F406E3 /* Game.swift */; };
		4D6DFE411B447F6E00F406E3 /* GameProvider.swift in Sources */ = {isa = PBXBuildFile; fileRef = 4D6DFE401B447F6E00F406E3 /* GameProvider.swift */; };
		4D6DFE451B45867A00F406E3 /* ReplyGameViewController.swift in Sources */ = {isa = PBXBuildFile; fileRef = 4D6DFE431B45867A00F406E3 /* ReplyGameViewController.swift */; };
		4D6DFE461B45867A00F406E3 /* ReplyGameViewController.xib in Resources */ = {isa = PBXBuildFile; fileRef = 4D6DFE441B45867A00F406E3 /* ReplyGameViewController.xib */; };
		4D6DFE4A1B458BCF00F406E3 /* FightViewController.swift in Sources */ = {isa = PBXBuildFile; fileRef = 4D6DFE481B458BCF00F406E3 /* FightViewController.swift */; };
		4D6DFE4B1B458BCF00F406E3 /* FightViewController.xib in Resources */ = {isa = PBXBuildFile; fileRef = 4D6DFE491B458BCF00F406E3 /* FightViewController.xib */; };
		4D6DFE4F1B458F4C00F406E3 /* MatchResultViewController.swift in Sources */ = {isa = PBXBuildFile; fileRef = 4D6DFE4D1B458F4C00F406E3 /* MatchResultViewController.swift */; };
		4D6DFE501B458F4C00F406E3 /* MatchResultViewController.xib in Resources */ = {isa = PBXBuildFile; fileRef = 4D6DFE4E1B458F4C00F406E3 /* MatchResultViewController.xib */; };
		4D6DFE521B459EA800F406E3 /* PlaceholderExtension.swift in Sources */ = {isa = PBXBuildFile; fileRef = 4D6DFE511B459EA800F406E3 /* PlaceholderExtension.swift */; };
		4D6DFE551B45B70300F406E3 /* FriendsProvider.swift in Sources */ = {isa = PBXBuildFile; fileRef = 4D6DFE541B45B70300F406E3 /* FriendsProvider.swift */; };
		4D6DFE581B45BDAD00F406E3 /* FriendsTableViewManager.swift in Sources */ = {isa = PBXBuildFile; fileRef = 4D6DFE571B45BDAD00F406E3 /* FriendsTableViewManager.swift */; };
		4D6DFE5B1B45DD1C00F406E3 /* ChooseHandView.swift in Sources */ = {isa = PBXBuildFile; fileRef = 4D6DFE5A1B45DD1C00F406E3 /* ChooseHandView.swift */; };
		4D6DFE5D1B45DE3500F406E3 /* ChooseHandView.xib in Resources */ = {isa = PBXBuildFile; fileRef = 4D6DFE5C1B45DE3500F406E3 /* ChooseHandView.xib */; };
		4D6DFE611B45E36D00F406E3 /* HandCountCollectionViewCell.swift in Sources */ = {isa = PBXBuildFile; fileRef = 4D6DFE5F1B45E36D00F406E3 /* HandCountCollectionViewCell.swift */; };
		4D6DFE621B45E36D00F406E3 /* HandCountCollectionViewCell.xib in Resources */ = {isa = PBXBuildFile; fileRef = 4D6DFE601B45E36D00F406E3 /* HandCountCollectionViewCell.xib */; };
		4D6DFE651B4600A200F406E3 /* GameTableViewManager.swift in Sources */ = {isa = PBXBuildFile; fileRef = 4D6DFE641B4600A200F406E3 /* GameTableViewManager.swift */; };
		4DA0A71E1B4D5A8200C30561 /* FriendTableViewCell.swift in Sources */ = {isa = PBXBuildFile; fileRef = 4DA0A71C1B4D5A8200C30561 /* FriendTableViewCell.swift */; };
		4DA0A71F1B4D5A8200C30561 /* FriendTableViewCell.xib in Resources */ = {isa = PBXBuildFile; fileRef = 4DA0A71D1B4D5A8200C30561 /* FriendTableViewCell.xib */; };
		4DA0A7611B50047400C30561 /* BaseStylesheet.m in Sources */ = {isa = PBXBuildFile; fileRef = 4DA0A7521B50047400C30561 /* BaseStylesheet.m */; };
		4DA0A7621B50047400C30561 /* LabelStylesheet.m in Sources */ = {isa = PBXBuildFile; fileRef = 4DA0A7551B50047400C30561 /* LabelStylesheet.m */; };
		4DA0A7631B50047400C30561 /* ViewStylesheet.m in Sources */ = {isa = PBXBuildFile; fileRef = 4DA0A7581B50047400C30561 /* ViewStylesheet.m */; };
		4DA0A7641B50047400C30561 /* MainStylesheet.m in Sources */ = {isa = PBXBuildFile; fileRef = 4DA0A75A1B50047400C30561 /* MainStylesheet.m */; };
		4DA0A7651B50047400C30561 /* README in Resources */ = {isa = PBXBuildFile; fileRef = 4DA0A75B1B50047400C30561 /* README */; };
		4DA0A7661B50047400C30561 /* UIView+UIViewStyle.m in Sources */ = {isa = PBXBuildFile; fileRef = 4DA0A75E1B50047400C30561 /* UIView+UIViewStyle.m */; };
		4DA0A7671B50047400C30561 /* UIViewAttributes.m in Sources */ = {isa = PBXBuildFile; fileRef = 4DA0A7601B50047400C30561 /* UIViewAttributes.m */; };
		4DA0A76B1B50276700C30561 /* ButtonStylesheet.m in Sources */ = {isa = PBXBuildFile; fileRef = 4DA0A76A1B50276700C30561 /* ButtonStylesheet.m */; };
		4DA0A7701B5036BB00C30561 /* UIButton+ButtonStyle.m in Sources */ = {isa = PBXBuildFile; fileRef = 4DA0A76E1B5036BB00C30561 /* UIButton+ButtonStyle.m */; };
		4DA674121B4426E50081BDB3 /* LaunchScreen.xib in Resources */ = {isa = PBXBuildFile; fileRef = 4DA674101B4426E50081BDB3 /* LaunchScreen.xib */; };
		4DA6741E1B4426E50081BDB3 /* par_ou_imparTests.swift in Sources */ = {isa = PBXBuildFile; fileRef = 4DA6741D1B4426E50081BDB3 /* par_ou_imparTests.swift */; };
		4DBB9B1C1B44284400B49658 /* AppDelegate.swift in Sources */ = {isa = PBXBuildFile; fileRef = 4DBB9B121B44284400B49658 /* AppDelegate.swift */; };
		4DBB9B1D1B44284400B49658 /* Images.xcassets in Resources */ = {isa = PBXBuildFile; fileRef = 4DBB9B1A1B44284400B49658 /* Images.xcassets */; };
		4DBB9B371B44288700B49658 /* BaseViewController.swift in Sources */ = {isa = PBXBuildFile; fileRef = 4DBB9B1F1B44288700B49658 /* BaseViewController.swift */; };
		4DBB9B381B44288700B49658 /* Messages.strings in Resources */ = {isa = PBXBuildFile; fileRef = 4DBB9B211B44288700B49658 /* Messages.strings */; };
		4DBB9B391B44288700B49658 /* Messages.swift in Sources */ = {isa = PBXBuildFile; fileRef = 4DBB9B221B44288700B49658 /* Messages.swift */; };
		4DBB9B3A1B44288700B49658 /* BaseTableViewManager.swift in Sources */ = {isa = PBXBuildFile; fileRef = 4DBB9B241B44288700B49658 /* BaseTableViewManager.swift */; };
		4DBB9B3B1B44288700B49658 /* TesteTableViewCell.swift in Sources */ = {isa = PBXBuildFile; fileRef = 4DBB9B251B44288700B49658 /* TesteTableViewCell.swift */; };
		4DBB9B3C1B44288700B49658 /* TesteTableViewCell.xib in Resources */ = {isa = PBXBuildFile; fileRef = 4DBB9B261B44288700B49658 /* TesteTableViewCell.xib */; };
		4DBB9B3E1B44288700B49658 /* BaseComponentsView.swift in Sources */ = {isa = PBXBuildFile; fileRef = 4DBB9B2A1B44288700B49658 /* BaseComponentsView.swift */; };
		4DBB9B3F1B44288700B49658 /* Header.swift in Sources */ = {isa = PBXBuildFile; fileRef = 4DBB9B2C1B44288700B49658 /* Header.swift */; };
		4DBB9B401B44288700B49658 /* Header.xib in Resources */ = {isa = PBXBuildFile; fileRef = 4DBB9B2D1B44288700B49658 /* Header.xib */; };
		4DBB9B411B44288700B49658 /* Loading.swift in Sources */ = {isa = PBXBuildFile; fileRef = 4DBB9B2F1B44288700B49658 /* Loading.swift */; };
		4DBB9B431B44288700B49658 /* Placeholder.swift in Sources */ = {isa = PBXBuildFile; fileRef = 4DBB9B321B44288700B49658 /* Placeholder.swift */; };
		4DBB9B441B44288700B49658 /* Placeholder.xib in Resources */ = {isa = PBXBuildFile; fileRef = 4DBB9B331B44288700B49658 /* Placeholder.xib */; };
		4DBB9B451B44288700B49658 /* NewTableViewCell.swift in Sources */ = {isa = PBXBuildFile; fileRef = 4DBB9B351B44288700B49658 /* NewTableViewCell.swift */; };
		4DBB9B461B44288700B49658 /* NewTableViewCell.xib in Resources */ = {isa = PBXBuildFile; fileRef = 4DBB9B361B44288700B49658 /* NewTableViewCell.xib */; };
		4DBB9B4A1B4428AD00B49658 /* ConstraintsExtension.swift in Sources */ = {isa = PBXBuildFile; fileRef = 4DBB9B481B4428AD00B49658 /* ConstraintsExtension.swift */; };
		4DBB9B4B1B4428AD00B49658 /* LoadingExtension.swift in Sources */ = {isa = PBXBuildFile; fileRef = 4DBB9B491B4428AD00B49658 /* LoadingExtension.swift */; };
		4DBB9B511B442A7700B49658 /* LoginViewController.swift in Sources */ = {isa = PBXBuildFile; fileRef = 4DBB9B4F1B442A7700B49658 /* LoginViewController.swift */; };
		4DBB9B521B442A7700B49658 /* LoginViewController.xib in Resources */ = {isa = PBXBuildFile; fileRef = 4DBB9B501B442A7700B49658 /* LoginViewController.xib */; };
		576A20061B4847A5008C24CE /* ColorProvider.swift in Sources */ = {isa = PBXBuildFile; fileRef = 576A20051B4847A5008C24CE /* ColorProvider.swift */; };
		576A200A1B485DD3008C24CE /* GameTableViewCell.swift in Sources */ = {isa = PBXBuildFile; fileRef = 576A20081B485DD3008C24CE /* GameTableViewCell.swift */; };
		576A200B1B485DD3008C24CE /* GameTableViewCell.xib in Resources */ = {isa = PBXBuildFile; fileRef = 576A20091B485DD3008C24CE /* GameTableViewCell.xib */; };
		576A200E1B498CFC008C24CE /* ImageDownloadExtension.swift in Sources */ = {isa = PBXBuildFile; fileRef = 576A200D1B498CFC008C24CE /* ImageDownloadExtension.swift */; };
		576A20111B4CC4A1008C24CE /* HandCollectionViewManager.swift in Sources */ = {isa = PBXBuildFile; fileRef = 576A20101B4CC4A1008C24CE /* HandCollectionViewManager.swift */; };
		576A20151B4CC4FA008C24CE /* HandCollectionViewCell.swift in Sources */ = {isa = PBXBuildFile; fileRef = 576A20131B4CC4FA008C24CE /* HandCollectionViewCell.swift */; };
		576A20161B4CC4FA008C24CE /* HandCollectionViewCell.xib in Resources */ = {isa = PBXBuildFile; fileRef = 576A20141B4CC4FA008C24CE /* HandCollectionViewCell.xib */; };
		576A20191B4CC6DE008C24CE /* FightHand.swift in Sources */ = {isa = PBXBuildFile; fileRef = 576A20181B4CC6DE008C24CE /* FightHand.swift */; };
		576A201C1B4CC7A7008C24CE /* FightHandProvider.swift in Sources */ = {isa = PBXBuildFile; fileRef = 576A201B1B4CC7A7008C24CE /* FightHandProvider.swift */; };
		576A20241B50BDC8008C24CE /* HandCountLoading.xib in Resources */ = {isa = PBXBuildFile; fileRef = 576A20231B50BDC8008C24CE /* HandCountLoading.xib */; };
		576A20261B50BDD6008C24CE /* HandCountLoading.swift in Sources */ = {isa = PBXBuildFile; fileRef = 576A20251B50BDD6008C24CE /* HandCountLoading.swift */; };
		7B5DB5E9138467B81526F4C7 /* Pods_par_ou_impar.framework in Frameworks */ = {isa = PBXBuildFile; fileRef = 48BE49A876F579D1F50DBC18 /* Pods_par_ou_impar.framework */; settings = {ATTRIBUTES = (Weak, ); }; };
/* End PBXBuildFile section */

/* Begin PBXContainerItemProxy section */
		4DA674181B4426E50081BDB3 /* PBXContainerItemProxy */ = {
			isa = PBXContainerItemProxy;
			containerPortal = 4DA673FA1B4426E40081BDB3 /* Project object */;
			proxyType = 1;
			remoteGlobalIDString = 4DA674011B4426E40081BDB3;
			remoteInfo = "par-ou-impar";
		};
/* End PBXContainerItemProxy section */

/* Begin PBXFileReference section */
		48BE49A876F579D1F50DBC18 /* Pods_par_ou_impar.framework */ = {isa = PBXFileReference; explicitFileType = wrapper.framework; includeInIndex = 0; path = Pods_par_ou_impar.framework; sourceTree = BUILT_PRODUCTS_DIR; };
		4D4E51C71B4C3F0C0049D474 /* SimpleLoading.swift */ = {isa = PBXFileReference; fileEncoding = 4; lastKnownFileType = sourcecode.swift; path = SimpleLoading.swift; sourceTree = "<group>"; };
		4D4E51C91B4C3F8C0049D474 /* SimpleLoading.xib */ = {isa = PBXFileReference; fileEncoding = 4; lastKnownFileType = file.xib; path = SimpleLoading.xib; sourceTree = "<group>"; };
		4D4E51CB1B4C404D0049D474 /* OneHandLoading.swift */ = {isa = PBXFileReference; fileEncoding = 4; lastKnownFileType = sourcecode.swift; path = OneHandLoading.swift; sourceTree = "<group>"; };
		4D4E51CD1B4C405B0049D474 /* OneHandLoading.xib */ = {isa = PBXFileReference; fileEncoding = 4; lastKnownFileType = file.xib; path = OneHandLoading.xib; sourceTree = "<group>"; };
		4D4E51D01B4C43680049D474 /* ChooseColorView.swift */ = {isa = PBXFileReference; fileEncoding = 4; lastKnownFileType = sourcecode.swift; path = ChooseColorView.swift; sourceTree = "<group>"; };
		4D4E51D21B4C43760049D474 /* ChooseColorView.xib */ = {isa = PBXFileReference; fileEncoding = 4; lastKnownFileType = file.xib; path = ChooseColorView.xib; sourceTree = "<group>"; };
		4D4E51DB1B4C44800049D474 /* BaseCollectionViewCell.swift */ = {isa = PBXFileReference; fileEncoding = 4; lastKnownFileType = sourcecode.swift; path = BaseCollectionViewCell.swift; sourceTree = "<group>"; };
		4D4E51DC1B4C44800049D474 /* BaseCollectionViewCell.xib */ = {isa = PBXFileReference; fileEncoding = 4; lastKnownFileType = file.xib; path = BaseCollectionViewCell.xib; sourceTree = "<group>"; };
		4D4E51DD1B4C44800049D474 /* CollectionViewManager.swift */ = {isa = PBXFileReference; fileEncoding = 4; lastKnownFileType = sourcecode.swift; path = CollectionViewManager.swift; sourceTree = "<group>"; };
		4D4E51E21B4C44C60049D474 /* ColorCollectionViewManager.swift */ = {isa = PBXFileReference; fileEncoding = 4; lastKnownFileType = sourcecode.swift; path = ColorCollectionViewManager.swift; sourceTree = "<group>"; };
		4D4E51E41B4C48430049D474 /* RoundAndBorder.swift */ = {isa = PBXFileReference; fileEncoding = 4; lastKnownFileType = sourcecode.swift; path = RoundAndBorder.swift; sourceTree = "<group>"; };
		4D4E51E61B4C5C010049D474 /* ColorCollectionViewCell.swift */ = {isa = PBXFileReference; fileEncoding = 4; lastKnownFileType = sourcecode.swift; path = ColorCollectionViewCell.swift; sourceTree = "<group>"; };
		4D4E51E71B4C5C010049D474 /* ColorCollectionViewCell.xib */ = {isa = PBXFileReference; fileEncoding = 4; lastKnownFileType = file.xib; path = ColorCollectionViewCell.xib; sourceTree = "<group>"; };
		4D6DFE201B4445CF00F406E3 /* User.swift */ = {isa = PBXFileReference; fileEncoding = 4; lastKnownFileType = sourcecode.swift; path = User.swift; sourceTree = "<group>"; };
		4D6DFE231B4447AD00F406E3 /* LoginProvider.swift */ = {isa = PBXFileReference; fileEncoding = 4; lastKnownFileType = sourcecode.swift; path = LoginProvider.swift; sourceTree = "<group>"; };
		4D6DFE261B44498F00F406E3 /* PFObjectExtension.swift */ = {isa = PBXFileReference; fileEncoding = 4; lastKnownFileType = sourcecode.swift; path = PFObjectExtension.swift; sourceTree = "<group>"; };
		4D6DFE2B1B44640B00F406E3 /* HomeViewController.swift */ = {isa = PBXFileReference; fileEncoding = 4; lastKnownFileType = sourcecode.swift; path = HomeViewController.swift; sourceTree = "<group>"; };
		4D6DFE2D1B44641C00F406E3 /* HomeViewController.xib */ = {isa = PBXFileReference; fileEncoding = 4; lastKnownFileType = file.xib; path = HomeViewController.xib; sourceTree = "<group>"; };
		4D6DFE301B44677400F406E3 /* NewGameViewController.swift */ = {isa = PBXFileReference; fileEncoding = 4; lastKnownFileType = sourcecode.swift; path = NewGameViewController.swift; sourceTree = "<group>"; };
		4D6DFE311B44677400F406E3 /* NewGameViewController.xib */ = {isa = PBXFileReference; fileEncoding = 4; lastKnownFileType = file.xib; path = NewGameViewController.xib; sourceTree = "<group>"; };
		4D6DFE351B446A0200F406E3 /* ChooseFriendViewController.swift */ = {isa = PBXFileReference; fileEncoding = 4; lastKnownFileType = sourcecode.swift; path = ChooseFriendViewController.swift; sourceTree = "<group>"; };
		4D6DFE361B446A0200F406E3 /* ChooseFriendViewController.xib */ = {isa = PBXFileReference; fileEncoding = 4; lastKnownFileType = file.xib; path = ChooseFriendViewController.xib; sourceTree = "<group>"; };
		4D6DFE3D1B4473DD00F406E3 /* Game.swift */ = {isa = PBXFileReference; fileEncoding = 4; lastKnownFileType = sourcecode.swift; path = Game.swift; sourceTree = "<group>"; };
		4D6DFE401B447F6E00F406E3 /* GameProvider.swift */ = {isa = PBXFileReference; fileEncoding = 4; lastKnownFileType = sourcecode.swift; path = GameProvider.swift; sourceTree = "<group>"; };
		4D6DFE431B45867A00F406E3 /* ReplyGameViewController.swift */ = {isa = PBXFileReference; fileEncoding = 4; lastKnownFileType = sourcecode.swift; path = ReplyGameViewController.swift; sourceTree = "<group>"; };
		4D6DFE441B45867A00F406E3 /* ReplyGameViewController.xib */ = {isa = PBXFileReference; fileEncoding = 4; lastKnownFileType = file.xib; path = ReplyGameViewController.xib; sourceTree = "<group>"; };
		4D6DFE481B458BCF00F406E3 /* FightViewController.swift */ = {isa = PBXFileReference; fileEncoding = 4; lastKnownFileType = sourcecode.swift; path = FightViewController.swift; sourceTree = "<group>"; };
		4D6DFE491B458BCF00F406E3 /* FightViewController.xib */ = {isa = PBXFileReference; fileEncoding = 4; lastKnownFileType = file.xib; path = FightViewController.xib; sourceTree = "<group>"; };
		4D6DFE4D1B458F4C00F406E3 /* MatchResultViewController.swift */ = {isa = PBXFileReference; fileEncoding = 4; lastKnownFileType = sourcecode.swift; path = MatchResultViewController.swift; sourceTree = "<group>"; };
		4D6DFE4E1B458F4C00F406E3 /* MatchResultViewController.xib */ = {isa = PBXFileReference; fileEncoding = 4; lastKnownFileType = file.xib; path = MatchResultViewController.xib; sourceTree = "<group>"; };
		4D6DFE511B459EA800F406E3 /* PlaceholderExtension.swift */ = {isa = PBXFileReference; fileEncoding = 4; lastKnownFileType = sourcecode.swift; path = PlaceholderExtension.swift; sourceTree = "<group>"; };
		4D6DFE541B45B70300F406E3 /* FriendsProvider.swift */ = {isa = PBXFileReference; fileEncoding = 4; lastKnownFileType = sourcecode.swift; path = FriendsProvider.swift; sourceTree = "<group>"; };
		4D6DFE571B45BDAD00F406E3 /* FriendsTableViewManager.swift */ = {isa = PBXFileReference; fileEncoding = 4; lastKnownFileType = sourcecode.swift; path = FriendsTableViewManager.swift; sourceTree = "<group>"; };
		4D6DFE5A1B45DD1C00F406E3 /* ChooseHandView.swift */ = {isa = PBXFileReference; fileEncoding = 4; lastKnownFileType = sourcecode.swift; path = ChooseHandView.swift; sourceTree = "<group>"; };
		4D6DFE5C1B45DE3500F406E3 /* ChooseHandView.xib */ = {isa = PBXFileReference; fileEncoding = 4; lastKnownFileType = file.xib; path = ChooseHandView.xib; sourceTree = "<group>"; };
		4D6DFE5F1B45E36D00F406E3 /* HandCountCollectionViewCell.swift */ = {isa = PBXFileReference; fileEncoding = 4; lastKnownFileType = sourcecode.swift; path = HandCountCollectionViewCell.swift; sourceTree = "<group>"; };
		4D6DFE601B45E36D00F406E3 /* HandCountCollectionViewCell.xib */ = {isa = PBXFileReference; fileEncoding = 4; lastKnownFileType = file.xib; path = HandCountCollectionViewCell.xib; sourceTree = "<group>"; };
		4D6DFE641B4600A200F406E3 /* GameTableViewManager.swift */ = {isa = PBXFileReference; fileEncoding = 4; lastKnownFileType = sourcecode.swift; path = GameTableViewManager.swift; sourceTree = "<group>"; };
		4DA0A71C1B4D5A8200C30561 /* FriendTableViewCell.swift */ = {isa = PBXFileReference; fileEncoding = 4; lastKnownFileType = sourcecode.swift; path = FriendTableViewCell.swift; sourceTree = "<group>"; };
		4DA0A71D1B4D5A8200C30561 /* FriendTableViewCell.xib */ = {isa = PBXFileReference; fileEncoding = 4; lastKnownFileType = file.xib; path = FriendTableViewCell.xib; sourceTree = "<group>"; };
		4DA0A74C1B50047400C30561 /* Colors.h */ = {isa = PBXFileReference; fileEncoding = 4; lastKnownFileType = sourcecode.c.h; path = Colors.h; sourceTree = "<group>"; };
		4DA0A74D1B50047400C30561 /* Fonts.h */ = {isa = PBXFileReference; fileEncoding = 4; lastKnownFileType = sourcecode.c.h; path = Fonts.h; sourceTree = "<group>"; };
		4DA0A74E1B50047400C30561 /* Stylesheet.h */ = {isa = PBXFileReference; fileEncoding = 4; lastKnownFileType = sourcecode.c.h; path = Stylesheet.h; sourceTree = "<group>"; };
		4DA0A7511B50047400C30561 /* BaseStylesheet.h */ = {isa = PBXFileReference; fileEncoding = 4; lastKnownFileType = sourcecode.c.h; path = BaseStylesheet.h; sourceTree = "<group>"; };
		4DA0A7521B50047400C30561 /* BaseStylesheet.m */ = {isa = PBXFileReference; fileEncoding = 4; lastKnownFileType = sourcecode.c.objc; path = BaseStylesheet.m; sourceTree = "<group>"; };
		4DA0A7541B50047400C30561 /* LabelStylesheet.h */ = {isa = PBXFileReference; fileEncoding = 4; lastKnownFileType = sourcecode.c.h; path = LabelStylesheet.h; sourceTree = "<group>"; };
		4DA0A7551B50047400C30561 /* LabelStylesheet.m */ = {isa = PBXFileReference; fileEncoding = 4; lastKnownFileType = sourcecode.c.objc; path = LabelStylesheet.m; sourceTree = "<group>"; };
		4DA0A7571B50047400C30561 /* ViewStylesheet.h */ = {isa = PBXFileReference; fileEncoding = 4; lastKnownFileType = sourcecode.c.h; path = ViewStylesheet.h; sourceTree = "<group>"; };
		4DA0A7581B50047400C30561 /* ViewStylesheet.m */ = {isa = PBXFileReference; fileEncoding = 4; lastKnownFileType = sourcecode.c.objc; path = ViewStylesheet.m; sourceTree = "<group>"; };
		4DA0A7591B50047400C30561 /* MainStylesheet.h */ = {isa = PBXFileReference; fileEncoding = 4; lastKnownFileType = sourcecode.c.h; path = MainStylesheet.h; sourceTree = "<group>"; };
		4DA0A75A1B50047400C30561 /* MainStylesheet.m */ = {isa = PBXFileReference; fileEncoding = 4; lastKnownFileType = sourcecode.c.objc; path = MainStylesheet.m; sourceTree = "<group>"; };
		4DA0A75B1B50047400C30561 /* README */ = {isa = PBXFileReference; fileEncoding = 4; lastKnownFileType = text; path = README; sourceTree = "<group>"; };
		4DA0A75D1B50047400C30561 /* UIView+UIViewStyle.h */ = {isa = PBXFileReference; fileEncoding = 4; lastKnownFileType = sourcecode.c.h; path = "UIView+UIViewStyle.h"; sourceTree = "<group>"; };
		4DA0A75E1B50047400C30561 /* UIView+UIViewStyle.m */ = {isa = PBXFileReference; fileEncoding = 4; lastKnownFileType = sourcecode.c.objc; path = "UIView+UIViewStyle.m"; sourceTree = "<group>"; };
		4DA0A75F1B50047400C30561 /* UIViewAttributes.h */ = {isa = PBXFileReference; fileEncoding = 4; lastKnownFileType = sourcecode.c.h; path = UIViewAttributes.h; sourceTree = "<group>"; };
		4DA0A7601B50047400C30561 /* UIViewAttributes.m */ = {isa = PBXFileReference; fileEncoding = 4; lastKnownFileType = sourcecode.c.objc; path = UIViewAttributes.m; sourceTree = "<group>"; };
		4DA0A7691B50276700C30561 /* ButtonStylesheet.h */ = {isa = PBXFileReference; fileEncoding = 4; lastKnownFileType = sourcecode.c.h; path = ButtonStylesheet.h; sourceTree = "<group>"; };
		4DA0A76A1B50276700C30561 /* ButtonStylesheet.m */ = {isa = PBXFileReference; fileEncoding = 4; lastKnownFileType = sourcecode.c.objc; path = ButtonStylesheet.m; sourceTree = "<group>"; };
		4DA0A76D1B5036BB00C30561 /* UIButton+ButtonStyle.h */ = {isa = PBXFileReference; fileEncoding = 4; lastKnownFileType = sourcecode.c.h; path = "UIButton+ButtonStyle.h"; sourceTree = "<group>"; };
		4DA0A76E1B5036BB00C30561 /* UIButton+ButtonStyle.m */ = {isa = PBXFileReference; fileEncoding = 4; lastKnownFileType = sourcecode.c.objc; path = "UIButton+ButtonStyle.m"; sourceTree = "<group>"; };
		4DA674021B4426E40081BDB3 /* par-ou-impar.app */ = {isa = PBXFileReference; explicitFileType = wrapper.application; includeInIndex = 0; path = "par-ou-impar.app"; sourceTree = BUILT_PRODUCTS_DIR; };
		4DA674061B4426E50081BDB3 /* Info.plist */ = {isa = PBXFileReference; lastKnownFileType = text.plist.xml; path = Info.plist; sourceTree = "<group>"; };
		4DA674111B4426E50081BDB3 /* Base */ = {isa = PBXFileReference; lastKnownFileType = file.xib; name = Base; path = Base.lproj/LaunchScreen.xib; sourceTree = "<group>"; };
		4DA674171B4426E50081BDB3 /* par-ou-imparTests.xctest */ = {isa = PBXFileReference; explicitFileType = wrapper.cfbundle; includeInIndex = 0; path = "par-ou-imparTests.xctest"; sourceTree = BUILT_PRODUCTS_DIR; };
		4DA6741C1B4426E50081BDB3 /* Info.plist */ = {isa = PBXFileReference; lastKnownFileType = text.plist.xml; path = Info.plist; sourceTree = "<group>"; };
		4DA6741D1B4426E50081BDB3 /* par_ou_imparTests.swift */ = {isa = PBXFileReference; lastKnownFileType = sourcecode.swift; path = par_ou_imparTests.swift; sourceTree = "<group>"; };
		4DBB9B121B44284400B49658 /* AppDelegate.swift */ = {isa = PBXFileReference; fileEncoding = 4; lastKnownFileType = sourcecode.swift; path = AppDelegate.swift; sourceTree = "<group>"; };
		4DBB9B1A1B44284400B49658 /* Images.xcassets */ = {isa = PBXFileReference; lastKnownFileType = folder.assetcatalog; path = Images.xcassets; sourceTree = "<group>"; };
		4DBB9B1F1B44288700B49658 /* BaseViewController.swift */ = {isa = PBXFileReference; fileEncoding = 4; lastKnownFileType = sourcecode.swift; path = BaseViewController.swift; sourceTree = "<group>"; };
		4DBB9B211B44288700B49658 /* Messages.strings */ = {isa = PBXFileReference; fileEncoding = 4; lastKnownFileType = text.plist.strings; path = Messages.strings; sourceTree = "<group>"; };
		4DBB9B221B44288700B49658 /* Messages.swift */ = {isa = PBXFileReference; fileEncoding = 4; lastKnownFileType = sourcecode.swift; path = Messages.swift; sourceTree = "<group>"; };
		4DBB9B241B44288700B49658 /* BaseTableViewManager.swift */ = {isa = PBXFileReference; fileEncoding = 4; lastKnownFileType = sourcecode.swift; path = BaseTableViewManager.swift; sourceTree = "<group>"; };
		4DBB9B251B44288700B49658 /* TesteTableViewCell.swift */ = {isa = PBXFileReference; fileEncoding = 4; lastKnownFileType = sourcecode.swift; path = TesteTableViewCell.swift; sourceTree = "<group>"; };
		4DBB9B261B44288700B49658 /* TesteTableViewCell.xib */ = {isa = PBXFileReference; fileEncoding = 4; lastKnownFileType = file.xib; path = TesteTableViewCell.xib; sourceTree = "<group>"; };
		4DBB9B2A1B44288700B49658 /* BaseComponentsView.swift */ = {isa = PBXFileReference; fileEncoding = 4; lastKnownFileType = sourcecode.swift; path = BaseComponentsView.swift; sourceTree = "<group>"; };
		4DBB9B2C1B44288700B49658 /* Header.swift */ = {isa = PBXFileReference; fileEncoding = 4; lastKnownFileType = sourcecode.swift; path = Header.swift; sourceTree = "<group>"; };
		4DBB9B2D1B44288700B49658 /* Header.xib */ = {isa = PBXFileReference; fileEncoding = 4; lastKnownFileType = file.xib; path = Header.xib; sourceTree = "<group>"; };
		4DBB9B2F1B44288700B49658 /* Loading.swift */ = {isa = PBXFileReference; fileEncoding = 4; lastKnownFileType = sourcecode.swift; path = Loading.swift; sourceTree = "<group>"; };
		4DBB9B321B44288700B49658 /* Placeholder.swift */ = {isa = PBXFileReference; fileEncoding = 4; lastKnownFileType = sourcecode.swift; path = Placeholder.swift; sourceTree = "<group>"; };
		4DBB9B331B44288700B49658 /* Placeholder.xib */ = {isa = PBXFileReference; fileEncoding = 4; lastKnownFileType = file.xib; path = Placeholder.xib; sourceTree = "<group>"; };
		4DBB9B351B44288700B49658 /* NewTableViewCell.swift */ = {isa = PBXFileReference; fileEncoding = 4; lastKnownFileType = sourcecode.swift; path = NewTableViewCell.swift; sourceTree = "<group>"; };
		4DBB9B361B44288700B49658 /* NewTableViewCell.xib */ = {isa = PBXFileReference; fileEncoding = 4; lastKnownFileType = file.xib; path = NewTableViewCell.xib; sourceTree = "<group>"; };
		4DBB9B481B4428AD00B49658 /* ConstraintsExtension.swift */ = {isa = PBXFileReference; fileEncoding = 4; lastKnownFileType = sourcecode.swift; path = ConstraintsExtension.swift; sourceTree = "<group>"; };
		4DBB9B491B4428AD00B49658 /* LoadingExtension.swift */ = {isa = PBXFileReference; fileEncoding = 4; lastKnownFileType = sourcecode.swift; path = LoadingExtension.swift; sourceTree = "<group>"; };
		4DBB9B4F1B442A7700B49658 /* LoginViewController.swift */ = {isa = PBXFileReference; fileEncoding = 4; lastKnownFileType = sourcecode.swift; path = LoginViewController.swift; sourceTree = "<group>"; };
		4DBB9B501B442A7700B49658 /* LoginViewController.xib */ = {isa = PBXFileReference; fileEncoding = 4; lastKnownFileType = file.xib; path = LoginViewController.xib; sourceTree = "<group>"; };
		4DBB9B901B44346B00B49658 /* par_ou_impar-Bridging-Header.h */ = {isa = PBXFileReference; fileEncoding = 4; lastKnownFileType = sourcecode.c.h; path = "par_ou_impar-Bridging-Header.h"; sourceTree = "<group>"; };
		576A20051B4847A5008C24CE /* ColorProvider.swift */ = {isa = PBXFileReference; fileEncoding = 4; lastKnownFileType = sourcecode.swift; path = ColorProvider.swift; sourceTree = "<group>"; };
		576A20081B485DD3008C24CE /* GameTableViewCell.swift */ = {isa = PBXFileReference; fileEncoding = 4; lastKnownFileType = sourcecode.swift; path = GameTableViewCell.swift; sourceTree = "<group>"; };
		576A20091B485DD3008C24CE /* GameTableViewCell.xib */ = {isa = PBXFileReference; fileEncoding = 4; lastKnownFileType = file.xib; path = GameTableViewCell.xib; sourceTree = "<group>"; };
		576A200D1B498CFC008C24CE /* ImageDownloadExtension.swift */ = {isa = PBXFileReference; fileEncoding = 4; lastKnownFileType = sourcecode.swift; path = ImageDownloadExtension.swift; sourceTree = "<group>"; };
		576A20101B4CC4A1008C24CE /* HandCollectionViewManager.swift */ = {isa = PBXFileReference; fileEncoding = 4; lastKnownFileType = sourcecode.swift; path = HandCollectionViewManager.swift; sourceTree = "<group>"; };
		576A20131B4CC4FA008C24CE /* HandCollectionViewCell.swift */ = {isa = PBXFileReference; fileEncoding = 4; lastKnownFileType = sourcecode.swift; path = HandCollectionViewCell.swift; sourceTree = "<group>"; };
		576A20141B4CC4FA008C24CE /* HandCollectionViewCell.xib */ = {isa = PBXFileReference; fileEncoding = 4; lastKnownFileType = file.xib; path = HandCollectionViewCell.xib; sourceTree = "<group>"; };
		576A20181B4CC6DE008C24CE /* FightHand.swift */ = {isa = PBXFileReference; fileEncoding = 4; lastKnownFileType = sourcecode.swift; path = FightHand.swift; sourceTree = "<group>"; };
		576A201B1B4CC7A7008C24CE /* FightHandProvider.swift */ = {isa = PBXFileReference; fileEncoding = 4; lastKnownFileType = sourcecode.swift; path = FightHandProvider.swift; sourceTree = "<group>"; };
		576A20231B50BDC8008C24CE /* HandCountLoading.xib */ = {isa = PBXFileReference; fileEncoding = 4; lastKnownFileType = file.xib; path = HandCountLoading.xib; sourceTree = "<group>"; };
		576A20251B50BDD6008C24CE /* HandCountLoading.swift */ = {isa = PBXFileReference; fileEncoding = 4; lastKnownFileType = sourcecode.swift; path = HandCountLoading.swift; sourceTree = "<group>"; };
		6E734F9821E2E00AC2CF5BE6 /* Pods-par-ou-impar.release.xcconfig */ = {isa = PBXFileReference; includeInIndex = 1; lastKnownFileType = text.xcconfig; name = "Pods-par-ou-impar.release.xcconfig"; path = "Pods/Target Support Files/Pods-par-ou-impar/Pods-par-ou-impar.release.xcconfig"; sourceTree = "<group>"; };
		A696C356A9A5315EAD107F01 /* Pods-par-ou-impar.debug.xcconfig */ = {isa = PBXFileReference; includeInIndex = 1; lastKnownFileType = text.xcconfig; name = "Pods-par-ou-impar.debug.xcconfig"; path = "Pods/Target Support Files/Pods-par-ou-impar/Pods-par-ou-impar.debug.xcconfig"; sourceTree = "<group>"; };
/* End PBXFileReference section */

/* Begin PBXFrameworksBuildPhase section */
		4DA673FF1B4426E40081BDB3 /* Frameworks */ = {
			isa = PBXFrameworksBuildPhase;
			buildActionMask = 2147483647;
			files = (
				7B5DB5E9138467B81526F4C7 /* Pods_par_ou_impar.framework in Frameworks */,
			);
			runOnlyForDeploymentPostprocessing = 0;
		};
		4DA674141B4426E50081BDB3 /* Frameworks */ = {
			isa = PBXFrameworksBuildPhase;
			buildActionMask = 2147483647;
			files = (
			);
			runOnlyForDeploymentPostprocessing = 0;
		};
/* End PBXFrameworksBuildPhase section */

/* Begin PBXGroup section */
		4D4E51C51B4C3EEB0049D474 /* OneHandLoading */ = {
			isa = PBXGroup;
			children = (
				4D4E51CB1B4C404D0049D474 /* OneHandLoading.swift */,
				4D4E51CD1B4C405B0049D474 /* OneHandLoading.xib */,
			);
			path = OneHandLoading;
			sourceTree = "<group>";
		};
		4D4E51C61B4C3EEB0049D474 /* SimpleLoading */ = {
			isa = PBXGroup;
			children = (
				4D4E51C71B4C3F0C0049D474 /* SimpleLoading.swift */,
				4D4E51C91B4C3F8C0049D474 /* SimpleLoading.xib */,
			);
			path = SimpleLoading;
			sourceTree = "<group>";
		};
		4D4E51CF1B4C43530049D474 /* ChooseColor */ = {
			isa = PBXGroup;
			children = (
				4D4E51D41B4C440A0049D474 /* CollectonViewCell */,
				4D4E51D01B4C43680049D474 /* ChooseColorView.swift */,
				4D4E51D21B4C43760049D474 /* ChooseColorView.xib */,
			);
			path = ChooseColor;
			sourceTree = "<group>";
		};
		4D4E51D41B4C440A0049D474 /* CollectonViewCell */ = {
			isa = PBXGroup;
			children = (
				4D4E51E61B4C5C010049D474 /* ColorCollectionViewCell.swift */,
				4D4E51E71B4C5C010049D474 /* ColorCollectionViewCell.xib */,
			);
			path = CollectonViewCell;
			sourceTree = "<group>";
		};
		4D4E51D91B4C44800049D474 /* CollectionViewManager */ = {
			isa = PBXGroup;
			children = (
				4D4E51DA1B4C44800049D474 /* Base */,
				4D4E51E11B4C44B20049D474 /* Color */,
				576A200F1B4CC483008C24CE /* Hand */,
			);
			path = CollectionViewManager;
			sourceTree = "<group>";
		};
		4D4E51DA1B4C44800049D474 /* Base */ = {
			isa = PBXGroup;
			children = (
				4D4E51DB1B4C44800049D474 /* BaseCollectionViewCell.swift */,
				4D4E51DC1B4C44800049D474 /* BaseCollectionViewCell.xib */,
				4D4E51DD1B4C44800049D474 /* CollectionViewManager.swift */,
			);
			path = Base;
			sourceTree = "<group>";
		};
		4D4E51E11B4C44B20049D474 /* Color */ = {
			isa = PBXGroup;
			children = (
				4D4E51E21B4C44C60049D474 /* ColorCollectionViewManager.swift */,
			);
			path = Color;
			sourceTree = "<group>";
		};
		4D6DFE1D1B44457400F406E3 /* Data */ = {
			isa = PBXGroup;
			children = (
				576A20171B4CC6CD008C24CE /* FightHand */,
				4D6DFE391B44711E00F406E3 /* Game */,
				4D6DFE1F1B4445BD00F406E3 /* User */,
			);
			path = Data;
			sourceTree = "<group>";
		};
		4D6DFE1E1B44457400F406E3 /* Provider */ = {
			isa = PBXGroup;
			children = (
				576A20041B484788008C24CE /* Color */,
				576A201A1B4CC798008C24CE /* FightHandProvider */,
				4D6DFE531B45B6EB00F406E3 /* Friends */,
				4D6DFE3F1B447F6400F406E3 /* Game */,
				4D6DFE221B44479000F406E3 /* LoginProvider */,
			);
			path = Provider;
			sourceTree = "<group>";
		};
		4D6DFE1F1B4445BD00F406E3 /* User */ = {
			isa = PBXGroup;
			children = (
				4D6DFE201B4445CF00F406E3 /* User.swift */,
			);
			path = User;
			sourceTree = "<group>";
		};
		4D6DFE221B44479000F406E3 /* LoginProvider */ = {
			isa = PBXGroup;
			children = (
				4D6DFE231B4447AD00F406E3 /* LoginProvider.swift */,
			);
			path = LoginProvider;
			sourceTree = "<group>";
		};
		4D6DFE251B44493E00F406E3 /* PFObject */ = {
			isa = PBXGroup;
			children = (
				4D6DFE261B44498F00F406E3 /* PFObjectExtension.swift */,
			);
			path = PFObject;
			sourceTree = "<group>";
		};
		4D6DFE2A1B4463E300F406E3 /* Home */ = {
			isa = PBXGroup;
			children = (
				4D6DFE2B1B44640B00F406E3 /* HomeViewController.swift */,
				4D6DFE2D1B44641C00F406E3 /* HomeViewController.xib */,
			);
			path = Home;
			sourceTree = "<group>";
		};
		4D6DFE2F1B44674E00F406E3 /* NewGame */ = {
			isa = PBXGroup;
			children = (
				4D6DFE301B44677400F406E3 /* NewGameViewController.swift */,
				4D6DFE311B44677400F406E3 /* NewGameViewController.xib */,
			);
			path = NewGame;
			sourceTree = "<group>";
		};
		4D6DFE341B4469EE00F406E3 /* ChooseFriend */ = {
			isa = PBXGroup;
			children = (
				4D6DFE351B446A0200F406E3 /* ChooseFriendViewController.swift */,
				4D6DFE361B446A0200F406E3 /* ChooseFriendViewController.xib */,
			);
			path = ChooseFriend;
			sourceTree = "<group>";
		};
		4D6DFE391B44711E00F406E3 /* Game */ = {
			isa = PBXGroup;
			children = (
				4D6DFE3D1B4473DD00F406E3 /* Game.swift */,
			);
			path = Game;
			sourceTree = "<group>";
		};
		4D6DFE3F1B447F6400F406E3 /* Game */ = {
			isa = PBXGroup;
			children = (
				4D6DFE401B447F6E00F406E3 /* GameProvider.swift */,
			);
			path = Game;
			sourceTree = "<group>";
		};
		4D6DFE421B45866000F406E3 /* ReplyGame */ = {
			isa = PBXGroup;
			children = (
				4D6DFE431B45867A00F406E3 /* ReplyGameViewController.swift */,
				4D6DFE441B45867A00F406E3 /* ReplyGameViewController.xib */,
			);
			path = ReplyGame;
			sourceTree = "<group>";
		};
		4D6DFE471B458BB000F406E3 /* Fight */ = {
			isa = PBXGroup;
			children = (
				4D6DFE481B458BCF00F406E3 /* FightViewController.swift */,
				4D6DFE491B458BCF00F406E3 /* FightViewController.xib */,
			);
			path = Fight;
			sourceTree = "<group>";
		};
		4D6DFE4C1B458F3500F406E3 /* MatchResult */ = {
			isa = PBXGroup;
			children = (
				4D6DFE4D1B458F4C00F406E3 /* MatchResultViewController.swift */,
				4D6DFE4E1B458F4C00F406E3 /* MatchResultViewController.xib */,
			);
			path = MatchResult;
			sourceTree = "<group>";
		};
		4D6DFE531B45B6EB00F406E3 /* Friends */ = {
			isa = PBXGroup;
			children = (
				4D6DFE541B45B70300F406E3 /* FriendsProvider.swift */,
			);
			path = Friends;
			sourceTree = "<group>";
		};
		4D6DFE561B45BD8300F406E3 /* Friends */ = {
			isa = PBXGroup;
			children = (
				4D6DFE571B45BDAD00F406E3 /* FriendsTableViewManager.swift */,
			);
			path = Friends;
			sourceTree = "<group>";
		};
		4D6DFE591B45DCE400F406E3 /* ChooseHand */ = {
			isa = PBXGroup;
			children = (
				4D6DFE5E1B45E35000F406E3 /* Cell */,
				4D6DFE5A1B45DD1C00F406E3 /* ChooseHandView.swift */,
				4D6DFE5C1B45DE3500F406E3 /* ChooseHandView.xib */,
			);
			path = ChooseHand;
			sourceTree = "<group>";
		};
		4D6DFE5E1B45E35000F406E3 /* Cell */ = {
			isa = PBXGroup;
			children = (
				4D6DFE5F1B45E36D00F406E3 /* HandCountCollectionViewCell.swift */,
				4D6DFE601B45E36D00F406E3 /* HandCountCollectionViewCell.xib */,
			);
			path = Cell;
			sourceTree = "<group>";
		};
		4D6DFE631B46008500F406E3 /* Games */ = {
			isa = PBXGroup;
			children = (
				4D6DFE641B4600A200F406E3 /* GameTableViewManager.swift */,
			);
			path = Games;
			sourceTree = "<group>";
		};
		4DA0A71B1B4D5A7200C30561 /* Friend */ = {
			isa = PBXGroup;
			children = (
				4DA0A71C1B4D5A8200C30561 /* FriendTableViewCell.swift */,
				4DA0A71D1B4D5A8200C30561 /* FriendTableViewCell.xib */,
			);
			path = Friend;
			sourceTree = "<group>";
		};
		4DA0A74A1B50047400C30561 /* Style */ = {
			isa = PBXGroup;
			children = (
				4DA0A74B1B50047400C30561 /* Constants */,
				4DA0A74F1B50047400C30561 /* Stylesheets */,
				4DA0A76C1B5036BB00C30561 /* UIButton */,
				4DA0A76F1B5036BB00C30561 /* UILabel */,
				4DA0A75C1B50047400C30561 /* UIView */,
			);
			path = Style;
			sourceTree = "<group>";
		};
		4DA0A74B1B50047400C30561 /* Constants */ = {
			isa = PBXGroup;
			children = (
				4DA0A74C1B50047400C30561 /* Colors.h */,
				4DA0A74D1B50047400C30561 /* Fonts.h */,
				4DA0A74E1B50047400C30561 /* Stylesheet.h */,
			);
			path = Constants;
			sourceTree = "<group>";
		};
		4DA0A74F1B50047400C30561 /* Stylesheets */ = {
			isa = PBXGroup;
			children = (
				4DA0A7501B50047400C30561 /* Components */,
				4DA0A7591B50047400C30561 /* MainStylesheet.h */,
				4DA0A75A1B50047400C30561 /* MainStylesheet.m */,
				4DA0A75B1B50047400C30561 /* README */,
			);
			path = Stylesheets;
			sourceTree = "<group>";
		};
		4DA0A7501B50047400C30561 /* Components */ = {
			isa = PBXGroup;
			children = (
				4DA0A7681B50275100C30561 /* Button */,
				4DA0A7531B50047400C30561 /* LabelStylesheet */,
				4DA0A7561B50047400C30561 /* ViewStylesheet */,
				4DA0A7511B50047400C30561 /* BaseStylesheet.h */,
				4DA0A7521B50047400C30561 /* BaseStylesheet.m */,
			);
			path = Components;
			sourceTree = "<group>";
		};
		4DA0A7531B50047400C30561 /* LabelStylesheet */ = {
			isa = PBXGroup;
			children = (
				4DA0A7541B50047400C30561 /* LabelStylesheet.h */,
				4DA0A7551B50047400C30561 /* LabelStylesheet.m */,
			);
			path = LabelStylesheet;
			sourceTree = "<group>";
		};
		4DA0A7561B50047400C30561 /* ViewStylesheet */ = {
			isa = PBXGroup;
			children = (
				4DA0A7571B50047400C30561 /* ViewStylesheet.h */,
				4DA0A7581B50047400C30561 /* ViewStylesheet.m */,
			);
			path = ViewStylesheet;
			sourceTree = "<group>";
		};
		4DA0A75C1B50047400C30561 /* UIView */ = {
			isa = PBXGroup;
			children = (
				4DA0A75D1B50047400C30561 /* UIView+UIViewStyle.h */,
				4DA0A75E1B50047400C30561 /* UIView+UIViewStyle.m */,
				4DA0A75F1B50047400C30561 /* UIViewAttributes.h */,
				4DA0A7601B50047400C30561 /* UIViewAttributes.m */,
			);
			path = UIView;
			sourceTree = "<group>";
		};
		4DA0A7681B50275100C30561 /* Button */ = {
			isa = PBXGroup;
			children = (
				4DA0A7691B50276700C30561 /* ButtonStylesheet.h */,
				4DA0A76A1B50276700C30561 /* ButtonStylesheet.m */,
			);
			path = Button;
			sourceTree = "<group>";
		};
		4DA0A76C1B5036BB00C30561 /* UIButton */ = {
			isa = PBXGroup;
			children = (
				4DA0A76D1B5036BB00C30561 /* UIButton+ButtonStyle.h */,
				4DA0A76E1B5036BB00C30561 /* UIButton+ButtonStyle.m */,
			);
			path = UIButton;
			sourceTree = "<group>";
		};
		4DA0A76F1B5036BB00C30561 /* UILabel */ = {
			isa = PBXGroup;
			children = (
			);
			path = UILabel;
			sourceTree = "<group>";
		};
		4DA673F91B4426E40081BDB3 = {
			isa = PBXGroup;
			children = (
				4DA674041B4426E40081BDB3 /* par-ou-impar */,
				4DA6741A1B4426E50081BDB3 /* par-ou-imparTests */,
				4DA674031B4426E40081BDB3 /* Products */,
				F0BC461B4E3CD9BCBF54CB94 /* Pods */,
				ECA33357D748A452C62FF810 /* Frameworks */,
			);
			sourceTree = "<group>";
		};
		4DA674031B4426E40081BDB3 /* Products */ = {
			isa = PBXGroup;
			children = (
				4DA674021B4426E40081BDB3 /* par-ou-impar.app */,
				4DA674171B4426E50081BDB3 /* par-ou-imparTests.xctest */,
			);
			name = Products;
			sourceTree = "<group>";
		};
		4DA674041B4426E40081BDB3 /* par-ou-impar */ = {
			isa = PBXGroup;
			children = (
				4DBB9B111B44284400B49658 /* App */,
				4DBB9B131B44284400B49658 /* Components */,
				4DBB9B141B44284400B49658 /* Extensions */,
				4DBB9B151B44284400B49658 /* Models */,
				4DBB9B161B44284400B49658 /* Modules */,
				4DBB9B191B44284400B49658 /* Resources */,
				4DA0A74A1B50047400C30561 /* Style */,
				4DBB9B1B1B44284400B49658 /* SupportingFiles */,
				4DA674101B4426E50081BDB3 /* LaunchScreen.xib */,
				4DA674051B4426E50081BDB3 /* Supporting Files */,
			);
			path = "par-ou-impar";
			sourceTree = "<group>";
		};
		4DA674051B4426E50081BDB3 /* Supporting Files */ = {
			isa = PBXGroup;
			children = (
				4DBB9B901B44346B00B49658 /* par_ou_impar-Bridging-Header.h */,
				4DA674061B4426E50081BDB3 /* Info.plist */,
			);
			name = "Supporting Files";
			sourceTree = "<group>";
		};
		4DA6741A1B4426E50081BDB3 /* par-ou-imparTests */ = {
			isa = PBXGroup;
			children = (
				4DA6741D1B4426E50081BDB3 /* par_ou_imparTests.swift */,
				4DA6741B1B4426E50081BDB3 /* Supporting Files */,
			);
			path = "par-ou-imparTests";
			sourceTree = "<group>";
		};
		4DA6741B1B4426E50081BDB3 /* Supporting Files */ = {
			isa = PBXGroup;
			children = (
				4DA6741C1B4426E50081BDB3 /* Info.plist */,
			);
			name = "Supporting Files";
			sourceTree = "<group>";
		};
		4DBB9B111B44284400B49658 /* App */ = {
			isa = PBXGroup;
			children = (
				4DBB9B121B44284400B49658 /* AppDelegate.swift */,
			);
			path = App;
			sourceTree = "<group>";
		};
		4DBB9B131B44284400B49658 /* Components */ = {
			isa = PBXGroup;
			children = (
				4DBB9B1E1B44288700B49658 /* BaseViewController */,
				4D4E51D91B4C44800049D474 /* CollectionViewManager */,
				4DBB9B201B44288700B49658 /* Messages */,
				4DBB9B231B44288700B49658 /* TableViewManager */,
				4DBB9B281B44288700B49658 /* ViewComponents */,
			);
			path = Components;
			sourceTree = "<group>";
		};
		4DBB9B141B44284400B49658 /* Extensions */ = {
			isa = PBXGroup;
			children = (
				4D6DFE251B44493E00F406E3 /* PFObject */,
				576A200C1B498CD8008C24CE /* UIImageView */,
				4DBB9B471B4428AD00B49658 /* UIView */,
			);
			path = Extensions;
			sourceTree = "<group>";
		};
		4DBB9B151B44284400B49658 /* Models */ = {
			isa = PBXGroup;
			children = (
				4D6DFE1D1B44457400F406E3 /* Data */,
				4D6DFE1E1B44457400F406E3 /* Provider */,
			);
			path = Models;
			sourceTree = "<group>";
		};
		4DBB9B161B44284400B49658 /* Modules */ = {
			isa = PBXGroup;
			children = (
				4D6DFE341B4469EE00F406E3 /* ChooseFriend */,
				4D6DFE471B458BB000F406E3 /* Fight */,
				4D6DFE2A1B4463E300F406E3 /* Home */,
				4DBB9B181B44284400B49658 /* Login */,
				4D6DFE4C1B458F3500F406E3 /* MatchResult */,
				4D6DFE2F1B44674E00F406E3 /* NewGame */,
				4D6DFE421B45866000F406E3 /* ReplyGame */,
			);
			path = Modules;
			sourceTree = "<group>";
		};
		4DBB9B181B44284400B49658 /* Login */ = {
			isa = PBXGroup;
			children = (
				4DBB9B4F1B442A7700B49658 /* LoginViewController.swift */,
				4DBB9B501B442A7700B49658 /* LoginViewController.xib */,
			);
			path = Login;
			sourceTree = "<group>";
		};
		4DBB9B191B44284400B49658 /* Resources */ = {
			isa = PBXGroup;
			children = (
				4DBB9B1A1B44284400B49658 /* Images.xcassets */,
			);
			path = Resources;
			sourceTree = "<group>";
		};
		4DBB9B1B1B44284400B49658 /* SupportingFiles */ = {
			isa = PBXGroup;
			children = (
			);
			path = SupportingFiles;
			sourceTree = "<group>";
		};
		4DBB9B1E1B44288700B49658 /* BaseViewController */ = {
			isa = PBXGroup;
			children = (
				4DBB9B1F1B44288700B49658 /* BaseViewController.swift */,
			);
			path = BaseViewController;
			sourceTree = "<group>";
		};
		4DBB9B201B44288700B49658 /* Messages */ = {
			isa = PBXGroup;
			children = (
				4DBB9B211B44288700B49658 /* Messages.strings */,
				4DBB9B221B44288700B49658 /* Messages.swift */,
			);
			path = Messages;
			sourceTree = "<group>";
		};
		4DBB9B231B44288700B49658 /* TableViewManager */ = {
			isa = PBXGroup;
			children = (
				4D6DFE561B45BD8300F406E3 /* Friends */,
				4D6DFE631B46008500F406E3 /* Games */,
				4DBB9B241B44288700B49658 /* BaseTableViewManager.swift */,
				4DBB9B251B44288700B49658 /* TesteTableViewCell.swift */,
				4DBB9B261B44288700B49658 /* TesteTableViewCell.xib */,
			);
			path = TableViewManager;
			sourceTree = "<group>";
		};
		4DBB9B281B44288700B49658 /* ViewComponents */ = {
			isa = PBXGroup;
			children = (
				4DBB9B291B44288700B49658 /* Base */,
				4D4E51CF1B4C43530049D474 /* ChooseColor */,
				4D6DFE591B45DCE400F406E3 /* ChooseHand */,
				4DBB9B2B1B44288700B49658 /* Header */,
				4DBB9B2E1B44288700B49658 /* Loading */,
				4DBB9B311B44288700B49658 /* Placeholder */,
				576A20121B4CC4D4008C24CE /* UICollectionViewCell */,
				4DBB9B341B44288700B49658 /* UITableViewCell */,
			);
			path = ViewComponents;
			sourceTree = "<group>";
		};
		4DBB9B291B44288700B49658 /* Base */ = {
			isa = PBXGroup;
			children = (
				4DBB9B2A1B44288700B49658 /* BaseComponentsView.swift */,
			);
			path = Base;
			sourceTree = "<group>";
		};
		4DBB9B2B1B44288700B49658 /* Header */ = {
			isa = PBXGroup;
			children = (
				4DBB9B2C1B44288700B49658 /* Header.swift */,
				4DBB9B2D1B44288700B49658 /* Header.xib */,
			);
			path = Header;
			sourceTree = "<group>";
		};
		4DBB9B2E1B44288700B49658 /* Loading */ = {
			isa = PBXGroup;
			children = (
				576A20221B50BDC0008C24CE /* HandCount */,
				4D4E51C51B4C3EEB0049D474 /* OneHandLoading */,
				4D4E51C61B4C3EEB0049D474 /* SimpleLoading */,
				4DBB9B2F1B44288700B49658 /* Loading.swift */,
			);
			path = Loading;
			sourceTree = "<group>";
		};
		4DBB9B311B44288700B49658 /* Placeholder */ = {
			isa = PBXGroup;
			children = (
				4DBB9B321B44288700B49658 /* Placeholder.swift */,
				4DBB9B331B44288700B49658 /* Placeholder.xib */,
			);
			path = Placeholder;
			sourceTree = "<group>";
		};
		4DBB9B341B44288700B49658 /* UITableViewCell */ = {
			isa = PBXGroup;
			children = (
				4DA0A71B1B4D5A7200C30561 /* Friend */,
				576A20071B485DA3008C24CE /* Game */,
				4DBB9B351B44288700B49658 /* NewTableViewCell.swift */,
				4DBB9B361B44288700B49658 /* NewTableViewCell.xib */,
			);
			path = UITableViewCell;
			sourceTree = "<group>";
		};
		4DBB9B471B4428AD00B49658 /* UIView */ = {
			isa = PBXGroup;
			children = (
				4DBB9B481B4428AD00B49658 /* ConstraintsExtension.swift */,
				4DBB9B491B4428AD00B49658 /* LoadingExtension.swift */,
				4D6DFE511B459EA800F406E3 /* PlaceholderExtension.swift */,
				4D4E51E41B4C48430049D474 /* RoundAndBorder.swift */,
			);
			path = UIView;
			sourceTree = "<group>";
		};
		576A20041B484788008C24CE /* Color */ = {
			isa = PBXGroup;
			children = (
				576A20051B4847A5008C24CE /* ColorProvider.swift */,
			);
			path = Color;
			sourceTree = "<group>";
		};
		576A20071B485DA3008C24CE /* Game */ = {
			isa = PBXGroup;
			children = (
				576A20081B485DD3008C24CE /* GameTableViewCell.swift */,
				576A20091B485DD3008C24CE /* GameTableViewCell.xib */,
			);
			path = Game;
			sourceTree = "<group>";
		};
		576A200C1B498CD8008C24CE /* UIImageView */ = {
			isa = PBXGroup;
			children = (
				576A200D1B498CFC008C24CE /* ImageDownloadExtension.swift */,
			);
			path = UIImageView;
			sourceTree = "<group>";
		};
		576A200F1B4CC483008C24CE /* Hand */ = {
			isa = PBXGroup;
			children = (
				576A20101B4CC4A1008C24CE /* HandCollectionViewManager.swift */,
			);
			path = Hand;
			sourceTree = "<group>";
		};
		576A20121B4CC4D4008C24CE /* UICollectionViewCell */ = {
			isa = PBXGroup;
			children = (
				576A20131B4CC4FA008C24CE /* HandCollectionViewCell.swift */,
				576A20141B4CC4FA008C24CE /* HandCollectionViewCell.xib */,
			);
			path = UICollectionViewCell;
			sourceTree = "<group>";
		};
		576A20171B4CC6CD008C24CE /* FightHand */ = {
			isa = PBXGroup;
			children = (
				576A20181B4CC6DE008C24CE /* FightHand.swift */,
			);
			path = FightHand;
			sourceTree = "<group>";
		};
		576A201A1B4CC798008C24CE /* FightHandProvider */ = {
			isa = PBXGroup;
			children = (
				576A201B1B4CC7A7008C24CE /* FightHandProvider.swift */,
			);
			path = FightHandProvider;
			sourceTree = "<group>";
		};
		576A20221B50BDC0008C24CE /* HandCount */ = {
			isa = PBXGroup;
			children = (
				576A20251B50BDD6008C24CE /* HandCountLoading.swift */,
				576A20231B50BDC8008C24CE /* HandCountLoading.xib */,
			);
			path = HandCount;
			sourceTree = "<group>";
		};
		ECA33357D748A452C62FF810 /* Frameworks */ = {
			isa = PBXGroup;
			children = (
				48BE49A876F579D1F50DBC18 /* Pods_par_ou_impar.framework */,
			);
			name = Frameworks;
			sourceTree = "<group>";
		};
		F0BC461B4E3CD9BCBF54CB94 /* Pods */ = {
			isa = PBXGroup;
			children = (
				A696C356A9A5315EAD107F01 /* Pods-par-ou-impar.debug.xcconfig */,
				6E734F9821E2E00AC2CF5BE6 /* Pods-par-ou-impar.release.xcconfig */,
			);
			name = Pods;
			sourceTree = "<group>";
		};
/* End PBXGroup section */

/* Begin PBXNativeTarget section */
		4DA674011B4426E40081BDB3 /* par-ou-impar */ = {
			isa = PBXNativeTarget;
			buildConfigurationList = 4DA674211B4426E50081BDB3 /* Build configuration list for PBXNativeTarget "par-ou-impar" */;
			buildPhases = (
				53D74913A8CE3280F1025336 /* Check Pods Manifest.lock */,
				4DA673FE1B4426E40081BDB3 /* Sources */,
				4DA673FF1B4426E40081BDB3 /* Frameworks */,
				4DA674001B4426E40081BDB3 /* Resources */,
				CB13DCB54B97A5A29B0DD683 /* Embed Pods Frameworks */,
				11A54D1A4B17C219DFFE5F61 /* Copy Pods Resources */,
			);
			buildRules = (
			);
			dependencies = (
			);
			name = "par-ou-impar";
			productName = "par-ou-impar";
			productReference = 4DA674021B4426E40081BDB3 /* par-ou-impar.app */;
			productType = "com.apple.product-type.application";
		};
		4DA674161B4426E50081BDB3 /* par-ou-imparTests */ = {
			isa = PBXNativeTarget;
			buildConfigurationList = 4DA674241B4426E50081BDB3 /* Build configuration list for PBXNativeTarget "par-ou-imparTests" */;
			buildPhases = (
				4DA674131B4426E50081BDB3 /* Sources */,
				4DA674141B4426E50081BDB3 /* Frameworks */,
				4DA674151B4426E50081BDB3 /* Resources */,
			);
			buildRules = (
			);
			dependencies = (
				4DA674191B4426E50081BDB3 /* PBXTargetDependency */,
			);
			name = "par-ou-imparTests";
			productName = "par-ou-imparTests";
			productReference = 4DA674171B4426E50081BDB3 /* par-ou-imparTests.xctest */;
			productType = "com.apple.product-type.bundle.unit-test";
		};
/* End PBXNativeTarget section */

/* Begin PBXProject section */
		4DA673FA1B4426E40081BDB3 /* Project object */ = {
			isa = PBXProject;
			attributes = {
				LastUpgradeCheck = 0630;
				ORGANIZATIONNAME = Viton;
				TargetAttributes = {
					4DA674011B4426E40081BDB3 = {
						CreatedOnToolsVersion = 6.3.2;
						DevelopmentTeam = 7WDRLT5R3S;
					};
					4DA674161B4426E50081BDB3 = {
						CreatedOnToolsVersion = 6.3.2;
						TestTargetID = 4DA674011B4426E40081BDB3;
					};
				};
			};
			buildConfigurationList = 4DA673FD1B4426E40081BDB3 /* Build configuration list for PBXProject "par-ou-impar" */;
			compatibilityVersion = "Xcode 3.2";
			developmentRegion = English;
			hasScannedForEncodings = 0;
			knownRegions = (
				en,
				Base,
			);
			mainGroup = 4DA673F91B4426E40081BDB3;
			productRefGroup = 4DA674031B4426E40081BDB3 /* Products */;
			projectDirPath = "";
			projectRoot = "";
			targets = (
				4DA674011B4426E40081BDB3 /* par-ou-impar */,
				4DA674161B4426E50081BDB3 /* par-ou-imparTests */,
			);
		};
/* End PBXProject section */

/* Begin PBXResourcesBuildPhase section */
		4DA674001B4426E40081BDB3 /* Resources */ = {
			isa = PBXResourcesBuildPhase;
			buildActionMask = 2147483647;
			files = (
				4D4E51E91B4C5C010049D474 /* ColorCollectionViewCell.xib in Resources */,
				576A20161B4CC4FA008C24CE /* HandCollectionViewCell.xib in Resources */,
				4D4E51CA1B4C3F8C0049D474 /* SimpleLoading.xib in Resources */,
				4D4E51DF1B4C44800049D474 /* BaseCollectionViewCell.xib in Resources */,
				4DBB9B521B442A7700B49658 /* LoginViewController.xib in Resources */,
				4DBB9B381B44288700B49658 /* Messages.strings in Resources */,
				4DBB9B1D1B44284400B49658 /* Images.xcassets in Resources */,
				4DBB9B441B44288700B49658 /* Placeholder.xib in Resources */,
				4DBB9B3C1B44288700B49658 /* TesteTableViewCell.xib in Resources */,
				576A200B1B485DD3008C24CE /* GameTableViewCell.xib in Resources */,
				4D6DFE621B45E36D00F406E3 /* HandCountCollectionViewCell.xib in Resources */,
				576A20241B50BDC8008C24CE /* HandCountLoading.xib in Resources */,
				4D6DFE461B45867A00F406E3 /* ReplyGameViewController.xib in Resources */,
				4D6DFE501B458F4C00F406E3 /* MatchResultViewController.xib in Resources */,
				4D6DFE4B1B458BCF00F406E3 /* FightViewController.xib in Resources */,
				4DBB9B401B44288700B49658 /* Header.xib in Resources */,
				4D6DFE5D1B45DE3500F406E3 /* ChooseHandView.xib in Resources */,
				4DA0A71F1B4D5A8200C30561 /* FriendTableViewCell.xib in Resources */,
				4D6DFE2E1B44641C00F406E3 /* HomeViewController.xib in Resources */,
				4D6DFE331B44677400F406E3 /* NewGameViewController.xib in Resources */,
				4DA674121B4426E50081BDB3 /* LaunchScreen.xib in Resources */,
				4DA0A7651B50047400C30561 /* README in Resources */,
				4DBB9B461B44288700B49658 /* NewTableViewCell.xib in Resources */,
				4D6DFE381B446A0200F406E3 /* ChooseFriendViewController.xib in Resources */,
				4D4E51CE1B4C405B0049D474 /* OneHandLoading.xib in Resources */,
				4D4E51D31B4C43760049D474 /* ChooseColorView.xib in Resources */,
			);
			runOnlyForDeploymentPostprocessing = 0;
		};
		4DA674151B4426E50081BDB3 /* Resources */ = {
			isa = PBXResourcesBuildPhase;
			buildActionMask = 2147483647;
			files = (
			);
			runOnlyForDeploymentPostprocessing = 0;
		};
/* End PBXResourcesBuildPhase section */

/* Begin PBXShellScriptBuildPhase section */
		11A54D1A4B17C219DFFE5F61 /* Copy Pods Resources */ = {
			isa = PBXShellScriptBuildPhase;
			buildActionMask = 2147483647;
			files = (
			);
			inputPaths = (
			);
			name = "Copy Pods Resources";
			outputPaths = (
			);
			runOnlyForDeploymentPostprocessing = 0;
			shellPath = /bin/sh;
			shellScript = "\"${SRCROOT}/Pods/Target Support Files/Pods-par-ou-impar/Pods-par-ou-impar-resources.sh\"\n";
			showEnvVarsInLog = 0;
		};
		53D74913A8CE3280F1025336 /* Check Pods Manifest.lock */ = {
			isa = PBXShellScriptBuildPhase;
			buildActionMask = 2147483647;
			files = (
			);
			inputPaths = (
			);
			name = "Check Pods Manifest.lock";
			outputPaths = (
			);
			runOnlyForDeploymentPostprocessing = 0;
			shellPath = /bin/sh;
			shellScript = "diff \"${PODS_ROOT}/../Podfile.lock\" \"${PODS_ROOT}/Manifest.lock\" > /dev/null\nif [[ $? != 0 ]] ; then\n    cat << EOM\nerror: The sandbox is not in sync with the Podfile.lock. Run 'pod install' or update your CocoaPods installation.\nEOM\n    exit 1\nfi\n";
			showEnvVarsInLog = 0;
		};
		CB13DCB54B97A5A29B0DD683 /* Embed Pods Frameworks */ = {
			isa = PBXShellScriptBuildPhase;
			buildActionMask = 2147483647;
			files = (
			);
			inputPaths = (
			);
			name = "Embed Pods Frameworks";
			outputPaths = (
			);
			runOnlyForDeploymentPostprocessing = 0;
			shellPath = /bin/sh;
			shellScript = "\"${SRCROOT}/Pods/Target Support Files/Pods-par-ou-impar/Pods-par-ou-impar-frameworks.sh\"\n";
			showEnvVarsInLog = 0;
		};
/* End PBXShellScriptBuildPhase section */

/* Begin PBXSourcesBuildPhase section */
		4DA673FE1B4426E40081BDB3 /* Sources */ = {
			isa = PBXSourcesBuildPhase;
			buildActionMask = 2147483647;
			files = (
				4DBB9B1C1B44284400B49658 /* AppDelegate.swift in Sources */,
				4D6DFE451B45867A00F406E3 /* ReplyGameViewController.swift in Sources */,
				4DA0A7661B50047400C30561 /* UIView+UIViewStyle.m in Sources */,
				4DBB9B3F1B44288700B49658 /* Header.swift in Sources */,
				4D4E51D11B4C43680049D474 /* ChooseColorView.swift in Sources */,
				4D6DFE4F1B458F4C00F406E3 /* MatchResultViewController.swift in Sources */,
				4D4E51CC1B4C404D0049D474 /* OneHandLoading.swift in Sources */,
				4D6DFE241B4447AD00F406E3 /* LoginProvider.swift in Sources */,
				576A20111B4CC4A1008C24CE /* HandCollectionViewManager.swift in Sources */,
				4DBB9B411B44288700B49658 /* Loading.swift in Sources */,
				4D6DFE5B1B45DD1C00F406E3 /* ChooseHandView.swift in Sources */,
				4D6DFE551B45B70300F406E3 /* FriendsProvider.swift in Sources */,
				4D6DFE4A1B458BCF00F406E3 /* FightViewController.swift in Sources */,
				4DBB9B511B442A7700B49658 /* LoginViewController.swift in Sources */,
				4D6DFE611B45E36D00F406E3 /* HandCountCollectionViewCell.swift in Sources */,
				4D6DFE321B44677400F406E3 /* NewGameViewController.swift in Sources */,
				576A20191B4CC6DE008C24CE /* FightHand.swift in Sources */,
				4D6DFE371B446A0200F406E3 /* ChooseFriendViewController.swift in Sources */,
				4D6DFE2C1B44640B00F406E3 /* HomeViewController.swift in Sources */,
				4D6DFE271B44498F00F406E3 /* PFObjectExtension.swift in Sources */,
				576A200A1B485DD3008C24CE /* GameTableViewCell.swift in Sources */,
				4D4E51E81B4C5C010049D474 /* ColorCollectionViewCell.swift in Sources */,
				4DBB9B3B1B44288700B49658 /* TesteTableViewCell.swift in Sources */,
				4DA0A7621B50047400C30561 /* LabelStylesheet.m in Sources */,
				4DBB9B3A1B44288700B49658 /* BaseTableViewManager.swift in Sources */,
				4DBB9B451B44288700B49658 /* NewTableViewCell.swift in Sources */,
				4DBB9B4A1B4428AD00B49658 /* ConstraintsExtension.swift in Sources */,
				4D4E51E01B4C44800049D474 /* CollectionViewManager.swift in Sources */,
				4D6DFE211B4445CF00F406E3 /* User.swift in Sources */,
				4DA0A7701B5036BB00C30561 /* UIButton+ButtonStyle.m in Sources */,
				4DA0A7671B50047400C30561 /* UIViewAttributes.m in Sources */,
				576A200E1B498CFC008C24CE /* ImageDownloadExtension.swift in Sources */,
				4DA0A76B1B50276700C30561 /* ButtonStylesheet.m in Sources */,
				4DBB9B391B44288700B49658 /* Messages.swift in Sources */,
				4DA0A7611B50047400C30561 /* BaseStylesheet.m in Sources */,
				4DA0A7631B50047400C30561 /* ViewStylesheet.m in Sources */,
				4DA0A71E1B4D5A8200C30561 /* FriendTableViewCell.swift in Sources */,
				4D6DFE3E1B4473DD00F406E3 /* Game.swift in Sources */,
				4D4E51C81B4C3F0C0049D474 /* SimpleLoading.swift in Sources */,
				4D6DFE521B459EA800F406E3 /* PlaceholderExtension.swift in Sources */,
				576A20261B50BDD6008C24CE /* HandCountLoading.swift in Sources */,
				4DA0A7641B50047400C30561 /* MainStylesheet.m in Sources */,
				4D4E51DE1B4C44800049D474 /* BaseCollectionViewCell.swift in Sources */,
				4DBB9B4B1B4428AD00B49658 /* LoadingExtension.swift in Sources */,
				4D4E51E31B4C44C60049D474 /* ColorCollectionViewManager.swift in Sources */,
				4DBB9B431B44288700B49658 /* Placeholder.swift in Sources */,
				4D4E51E51B4C48430049D474 /* RoundAndBorder.swift in Sources */,
				4D6DFE581B45BDAD00F406E3 /* FriendsTableViewManager.swift in Sources */,
				4DBB9B371B44288700B49658 /* BaseViewController.swift in Sources */,
				576A201C1B4CC7A7008C24CE /* FightHandProvider.swift in Sources */,
				576A20061B4847A5008C24CE /* ColorProvider.swift in Sources */,
				4D6DFE411B447F6E00F406E3 /* GameProvider.swift in Sources */,
				4DBB9B3E1B44288700B49658 /* BaseComponentsView.swift in Sources */,
				4D6DFE651B4600A200F406E3 /* GameTableViewManager.swift in Sources */,
				576A20151B4CC4FA008C24CE /* HandCollectionViewCell.swift in Sources */,
			);
			runOnlyForDeploymentPostprocessing = 0;
		};
		4DA674131B4426E50081BDB3 /* Sources */ = {
			isa = PBXSourcesBuildPhase;
			buildActionMask = 2147483647;
			files = (
				4DA6741E1B4426E50081BDB3 /* par_ou_imparTests.swift in Sources */,
			);
			runOnlyForDeploymentPostprocessing = 0;
		};
/* End PBXSourcesBuildPhase section */

/* Begin PBXTargetDependency section */
		4DA674191B4426E50081BDB3 /* PBXTargetDependency */ = {
			isa = PBXTargetDependency;
			target = 4DA674011B4426E40081BDB3 /* par-ou-impar */;
			targetProxy = 4DA674181B4426E50081BDB3 /* PBXContainerItemProxy */;
		};
/* End PBXTargetDependency section */

/* Begin PBXVariantGroup section */
		4DA674101B4426E50081BDB3 /* LaunchScreen.xib */ = {
			isa = PBXVariantGroup;
			children = (
				4DA674111B4426E50081BDB3 /* Base */,
			);
			name = LaunchScreen.xib;
			sourceTree = "<group>";
		};
/* End PBXVariantGroup section */

/* Begin XCBuildConfiguration section */
		4DA6741F1B4426E50081BDB3 /* Debug */ = {
			isa = XCBuildConfiguration;
			buildSettings = {
				ALWAYS_SEARCH_USER_PATHS = NO;
				CLANG_CXX_LANGUAGE_STANDARD = "gnu++0x";
				CLANG_CXX_LIBRARY = "libc++";
				CLANG_ENABLE_MODULES = YES;
				CLANG_ENABLE_OBJC_ARC = YES;
				CLANG_WARN_BOOL_CONVERSION = YES;
				CLANG_WARN_CONSTANT_CONVERSION = YES;
				CLANG_WARN_DIRECT_OBJC_ISA_USAGE = YES_ERROR;
				CLANG_WARN_EMPTY_BODY = YES;
				CLANG_WARN_ENUM_CONVERSION = YES;
				CLANG_WARN_INT_CONVERSION = YES;
				CLANG_WARN_OBJC_ROOT_CLASS = YES_ERROR;
				CLANG_WARN_UNREACHABLE_CODE = YES;
				CLANG_WARN__DUPLICATE_METHOD_MATCH = YES;
				"CODE_SIGN_IDENTITY[sdk=iphoneos*]" = "iPhone Developer";
				COPY_PHASE_STRIP = NO;
				DEBUG_INFORMATION_FORMAT = "dwarf-with-dsym";
				DEFINES_MODULE = YES;
				ENABLE_STRICT_OBJC_MSGSEND = YES;
				GCC_C_LANGUAGE_STANDARD = gnu99;
				GCC_DYNAMIC_NO_PIC = NO;
				GCC_NO_COMMON_BLOCKS = YES;
				GCC_OPTIMIZATION_LEVEL = 0;
				GCC_PREPROCESSOR_DEFINITIONS = (
					"DEBUG=1",
					"$(inherited)",
				);
				GCC_SYMBOLS_PRIVATE_EXTERN = NO;
				GCC_WARN_64_TO_32_BIT_CONVERSION = YES;
				GCC_WARN_ABOUT_RETURN_TYPE = YES_ERROR;
				GCC_WARN_UNDECLARED_SELECTOR = YES;
				GCC_WARN_UNINITIALIZED_AUTOS = YES_AGGRESSIVE;
				GCC_WARN_UNUSED_FUNCTION = YES;
				GCC_WARN_UNUSED_VARIABLE = YES;
				IPHONEOS_DEPLOYMENT_TARGET = 8.3;
				MTL_ENABLE_DEBUG_INFO = YES;
				ONLY_ACTIVE_ARCH = YES;
				SDKROOT = iphoneos;
				SWIFT_OPTIMIZATION_LEVEL = "-Onone";
			};
			name = Debug;
		};
		4DA674201B4426E50081BDB3 /* Release */ = {
			isa = XCBuildConfiguration;
			buildSettings = {
				ALWAYS_SEARCH_USER_PATHS = NO;
				CLANG_CXX_LANGUAGE_STANDARD = "gnu++0x";
				CLANG_CXX_LIBRARY = "libc++";
				CLANG_ENABLE_MODULES = YES;
				CLANG_ENABLE_OBJC_ARC = YES;
				CLANG_WARN_BOOL_CONVERSION = YES;
				CLANG_WARN_CONSTANT_CONVERSION = YES;
				CLANG_WARN_DIRECT_OBJC_ISA_USAGE = YES_ERROR;
				CLANG_WARN_EMPTY_BODY = YES;
				CLANG_WARN_ENUM_CONVERSION = YES;
				CLANG_WARN_INT_CONVERSION = YES;
				CLANG_WARN_OBJC_ROOT_CLASS = YES_ERROR;
				CLANG_WARN_UNREACHABLE_CODE = YES;
				CLANG_WARN__DUPLICATE_METHOD_MATCH = YES;
				"CODE_SIGN_IDENTITY[sdk=iphoneos*]" = "iPhone Developer";
				COPY_PHASE_STRIP = NO;
				DEBUG_INFORMATION_FORMAT = "dwarf-with-dsym";
				DEFINES_MODULE = YES;
				ENABLE_NS_ASSERTIONS = NO;
				ENABLE_STRICT_OBJC_MSGSEND = YES;
				GCC_C_LANGUAGE_STANDARD = gnu99;
				GCC_NO_COMMON_BLOCKS = YES;
				GCC_WARN_64_TO_32_BIT_CONVERSION = YES;
				GCC_WARN_ABOUT_RETURN_TYPE = YES_ERROR;
				GCC_WARN_UNDECLARED_SELECTOR = YES;
				GCC_WARN_UNINITIALIZED_AUTOS = YES_AGGRESSIVE;
				GCC_WARN_UNUSED_FUNCTION = YES;
				GCC_WARN_UNUSED_VARIABLE = YES;
				IPHONEOS_DEPLOYMENT_TARGET = 8.3;
				MTL_ENABLE_DEBUG_INFO = NO;
				SDKROOT = iphoneos;
				VALIDATE_PRODUCT = YES;
			};
			name = Release;
		};
		4DA674221B4426E50081BDB3 /* Debug */ = {
			isa = XCBuildConfiguration;
			baseConfigurationReference = A696C356A9A5315EAD107F01 /* Pods-par-ou-impar.debug.xcconfig */;
			buildSettings = {
				ASSETCATALOG_COMPILER_APPICON_NAME = AppIcon;
				CODE_SIGN_IDENTITY = "iPhone Developer";
				"CODE_SIGN_IDENTITY[sdk=iphoneos*]" = "iPhone Developer";
				DEFINES_MODULE = YES;
				INFOPLIST_FILE = "par-ou-impar/Info.plist";
				IPHONEOS_DEPLOYMENT_TARGET = 7.0;
				LD_RUNPATH_SEARCH_PATHS = "$(inherited) @executable_path/Frameworks";
				PRODUCT_NAME = "$(TARGET_NAME)";
				PROVISIONING_PROFILE = "";
				SWIFT_OBJC_BRIDGING_HEADER = "par-ou-impar/par_ou_impar-Bridging-Header.h";
				"SWIFT_OBJC_BRIDGING_HEADER[arch=*]" = "par-ou-impar/par_ou_impar-Bridging-Header.h";
			};
			name = Debug;
		};
		4DA674231B4426E50081BDB3 /* Release */ = {
			isa = XCBuildConfiguration;
			baseConfigurationReference = 6E734F9821E2E00AC2CF5BE6 /* Pods-par-ou-impar.release.xcconfig */;
			buildSettings = {
				ASSETCATALOG_COMPILER_APPICON_NAME = AppIcon;
				CODE_SIGN_IDENTITY = "iPhone Developer";
				"CODE_SIGN_IDENTITY[sdk=iphoneos*]" = "iPhone Developer";
				DEFINES_MODULE = YES;
				INFOPLIST_FILE = "par-ou-impar/Info.plist";
				IPHONEOS_DEPLOYMENT_TARGET = 7.0;
				LD_RUNPATH_SEARCH_PATHS = "$(inherited) @executable_path/Frameworks";
				PRODUCT_NAME = "$(TARGET_NAME)";
				PROVISIONING_PROFILE = "";
				SWIFT_OBJC_BRIDGING_HEADER = "par-ou-impar/par_ou_impar-Bridging-Header.h";
				"SWIFT_OBJC_BRIDGING_HEADER[arch=*]" = "par-ou-impar/par_ou_impar-Bridging-Header.h";
			};
			name = Release;
		};
		4DA674251B4426E50081BDB3 /* Debug */ = {
			isa = XCBuildConfiguration;
			buildSettings = {
				BUNDLE_LOADER = "$(TEST_HOST)";
				FRAMEWORK_SEARCH_PATHS = (
					"$(SDKROOT)/Developer/Library/Frameworks",
					"$(inherited)",
				);
				GCC_PREPROCESSOR_DEFINITIONS = (
					"DEBUG=1",
					"$(inherited)",
				);
				INFOPLIST_FILE = "par-ou-imparTests/Info.plist";
				LD_RUNPATH_SEARCH_PATHS = "$(inherited) @executable_path/Frameworks @loader_path/Frameworks";
				PRODUCT_NAME = "$(TARGET_NAME)";
				TEST_HOST = "$(BUILT_PRODUCTS_DIR)/par-ou-impar.app/par-ou-impar";
			};
			name = Debug;
		};
		4DA674261B4426E50081BDB3 /* Release */ = {
			isa = XCBuildConfiguration;
			buildSettings = {
				BUNDLE_LOADER = "$(TEST_HOST)";
				FRAMEWORK_SEARCH_PATHS = (
					"$(SDKROOT)/Developer/Library/Frameworks",
					"$(inherited)",
				);
				INFOPLIST_FILE = "par-ou-imparTests/Info.plist";
				LD_RUNPATH_SEARCH_PATHS = "$(inherited) @executable_path/Frameworks @loader_path/Frameworks";
				PRODUCT_NAME = "$(TARGET_NAME)";
				TEST_HOST = "$(BUILT_PRODUCTS_DIR)/par-ou-impar.app/par-ou-impar";
			};
			name = Release;
		};
/* End XCBuildConfiguration section */

/* Begin XCConfigurationList section */
		4DA673FD1B4426E40081BDB3 /* Build configuration list for PBXProject "par-ou-impar" */ = {
			isa = XCConfigurationList;
			buildConfigurations = (
				4DA6741F1B4426E50081BDB3 /* Debug */,
				4DA674201B4426E50081BDB3 /* Release */,
			);
			defaultConfigurationIsVisible = 0;
			defaultConfigurationName = Release;
		};
		4DA674211B4426E50081BDB3 /* Build configuration list for PBXNativeTarget "par-ou-impar" */ = {
			isa = XCConfigurationList;
			buildConfigurations = (
				4DA674221B4426E50081BDB3 /* Debug */,
				4DA674231B4426E50081BDB3 /* Release */,
			);
			defaultConfigurationIsVisible = 0;
			defaultConfigurationName = Release;
		};
		4DA674241B4426E50081BDB3 /* Build configuration list for PBXNativeTarget "par-ou-imparTests" */ = {
			isa = XCConfigurationList;
			buildConfigurations = (
				4DA674251B4426E50081BDB3 /* Debug */,
				4DA674261B4426E50081BDB3 /* Release */,
			);
			defaultConfigurationIsVisible = 0;
			defaultConfigurationName = Release;
		};
/* End XCConfigurationList section */
	};
	rootObject = 4DA673FA1B4426E40081BDB3 /* Project object */;
}
