PODS:
  - Alamofire (1.2.3)
  - AlamofireObjectMapper (0.2):
    - Alamofire (~> 1.2)
    - ObjectMapper (~> 0.10)
  - Bolts/Tasks (1.2.0)
  - ObjectMapper (0.12)
  - Parse (1.7.5):
    - Bolts/Tasks (>= 1.2.0)

DEPENDENCIES:
  - Alamofire (~> 1.2)
  - AlamofireObjectMapper (~> 0.2)
  - Parse

SPEC CHECKSUMS:
  Alamofire: 5550bf0b575ed1a4bf9be572f9463e1015cc169e
  AlamofireObjectMapper: 0ed3f7b154a9b35bded72b2fa6adeee7ac49a9a2
  Bolts: d176cb1e0012175589e389a9db49b85e27787576
  ObjectMapper: ef4a369cbab75546029ceb7e8155772b5f8e8841
  Parse: 7c0f115eff3e0cea3fac08d50bda47154edb8832

COCOAPODS: 0.37.2
